
Microsoft Visual Studio Solution File, Format Version 12.00
# Visual Studio 15
VisualStudioVersion = 15.0.27428.2037
MinimumVisualStudioVersion = 10.0.40219.1
Project("{FAE04EC0-301F-11D3-BF4B-00C04F79EFBC}") = "Azurlane-scripts-autopatcher", "Azurlane-scripts-autopatcher\Azurlane-scripts-autopatcher.csproj", "{8F51A110-ABAD-42C0-A830-E78049F02A34}"
EndProject
Global
	GlobalSection(SolutionConfigurationPlatforms) = preSolution
		Debug|Any CPU = Debug|Any CPU
		Release|Any CPU = Release|Any CPU
	EndGlobalSection
	GlobalSection(ProjectConfigurationPlatforms) = postSolution
		{8F51A110-ABAD-42C0-A830-E78049F02A34}.Debug|Any CPU.ActiveCfg = Debug|Any CPU
		{8F51A110-ABAD-42C0-A830-E78049F02A34}.Debug|Any CPU.Build.0 = Debug|Any CPU
		{8F51A110-ABAD-42C0-A830-E78049F02A34}.Release|Any CPU.ActiveCfg = Release|Any CPU
		{8F51A110-ABAD-42C0-A830-E78049F02A34}.Release|Any CPU.Build.0 = Release|Any CPU
	EndGlobalSection
	GlobalSection(SolutionProperties) = preSolution
		HideSolutionNode = FALSE
	EndGlobalSection
	GlobalSection(ExtensibilityGlobals) = postSolution
		SolutionGuid = {E5F66FFD-8405-479E-AC25-8D95B5F4F6AA}
	EndGlobalSection
EndGlobal
